hash: c4499f6a83a7706603467479eccb289f2f491c05f1c84d172bfaa940085798df
updated: 2016-11-08T21:01:08.124130256-02:00
imports:
- name: github.com/codegangsta/negroni
  version: fde5e16d32adc7ad637e9cd9ad21d4ebc6192535
- name: github.com/dgrijalva/jwt-go
  version: 9ed569b5d1ac936e6494082958d63a6aa4fff99a
- name: github.com/fatih/color
  version: dea9d3a26a087187530244679c1cfb3a42937794
- name: github.com/julienschmidt/httprouter
  version: 8c199fb6259ffc1af525cc3ad52ee60ba8359669
- name: github.com/labstack/echo
  version: 04e6901d05b58ddbae579a6252a3d1bb3f334adc
  subpackages:
  - context
  - engine
  - engine/standard
  - log
  - middleware
- name: github.com/labstack/gommon
  version: 2d272df536d051e737aea353b86c979d6e88bce0
  subpackages:
  - bytes
  - color
  - log
  - random
- name: github.com/mattn/go-colorable
  version: d228849504861217f796da67fae4f6e347643f15
- name: github.com/mattn/go-isatty
  version: 66b8e73f3f5cda9f96b69efd03dd3d7fc4a5cdb8
- name: github.com/stretchr/testify
  version: 69483b4bd14f5845b5a1e55bca19e954e827f1d0
- name: github.com/tidwall/btree
  version: bde515e1697379bec1427903e54888babf32513a
- name: github.com/tidwall/buntdb
  version: 27d3577d74cea0b53b4261365f08a38eff9671be
- name: github.com/tidwall/gjson
  version: 72b0cad1c18345c48d7ddf5ade1f2c45af35b442
- name: github.com/tidwall/grect
  version: ba9a043346eba55344e40d66a5e74cfda3a9d293
- name: github.com/tidwall/match
  version: 173748da739a410c5b0b813b956f89ff94730b4c
- name: github.com/tidwall/rtree
  version: d4a8a3d30d5729f85edfba1745241f3a621d0359
- name: github.com/valyala/fasttemplate
  version: 3b874956e03f1636d171bda64b130f9135f42cff
- name: golang.org/x/net
  version: f315505cf3349909cdf013ea56690da34e96a451
  subpackages:
  - context
  - http2
  - http2/hpack
- name: golang.org/x/sys
  version: 9a2e24c3733eddc63871eda99f253e2db29bd3b9
  subpackages:
  - unix
testImports: []
